
Microsoft Visual Studio Solution File, Format Version 12.00
# Visual Studio Version 17
VisualStudioVersion = 17.1.32421.90
MinimumVisualStudioVersion = 10.0.40219.1
Project("{FAE04EC0-301F-11D3-BF4B-00C04F79EFBC}") = "Calculator", "Calculator\Calculator.csproj", "{5CBED202-E567-448C-94DB-D163ED97BB19}"
EndProject
Project("{FAE04EC0-301F-11D3-BF4B-00C04F79EFBC}") = "Calculator.Tests", "Calculator.Tests\Calculator.Tests.csproj", "{93C3CBBD-B1B9-4B4A-96EC-36991C4B9E1A}"
EndProject
Global
	GlobalSection(SolutionConfigurationPlatforms) = preSolution
		Debug|Any CPU = Debug|Any CPU
		Release|Any CPU = Release|Any CPU
	EndGlobalSection
	GlobalSection(ProjectConfigurationPlatforms) = postSolution
		{5CBED202-E567-448C-94DB-D163ED97BB19}.Debug|Any CPU.ActiveCfg = Debug|Any CPU
		{5CBED202-E567-448C-94DB-D163ED97BB19}.Debug|Any CPU.Build.0 = Debug|Any CPU
		{5CBED202-E567-448C-94DB-D163ED97BB19}.Release|Any CPU.ActiveCfg = Release|Any CPU
		{5CBED202-E567-448C-94DB-D163ED97BB19}.Release|Any CPU.Build.0 = Release|Any CPU
		{93C3CBBD-B1B9-4B4A-96EC-36991C4B9E1A}.Debug|Any CPU.ActiveCfg = Debug|Any CPU
		{93C3CBBD-B1B9-4B4A-96EC-36991C4B9E1A}.Debug|Any CPU.Build.0 = Debug|Any CPU
		{93C3CBBD-B1B9-4B4A-96EC-36991C4B9E1A}.Release|Any CPU.ActiveCfg = Release|Any CPU
		{93C3CBBD-B1B9-4B4A-96EC-36991C4B9E1A}.Release|Any CPU.Build.0 = Release|Any CPU
	EndGlobalSection
	GlobalSection(SolutionProperties) = preSolution
		HideSolutionNode = FALSE
	EndGlobalSection
	GlobalSection(ExtensibilityGlobals) = postSolution
		SolutionGuid = {7A30EAC4-61BF-4FBE-AA0B-9650DA28861B}
	EndGlobalSection
EndGlobal
